
Microsoft Visual Studio Solution File, Format Version 12.00
# Visual Studio Version 17
VisualStudioVersion = 17.13.35617.110
MinimumVisualStudioVersion = 10.0.40219.1
Project("{8BC9CEB8-8B4A-11D0-8D11-00A0C91BC942}") = "vengaboys", "vengaboys\vengaboys.vcxproj", "{B62FBD79-9F00-4440-851C-A85D0D1A871C}"
EndProject
Project("{8BC9CEB8-8B4A-11D0-8D11-00A0C91BC942}") = "venutilities", "venutilities\venutilities.vcxproj", "{19DBE61B-128D-42CA-A55B-FC91B111D336}"
EndProject
Global
	GlobalSection(SolutionConfigurationPlatforms) = preSolution
		Debug|x64 = Debug|x64
		Debug|x86 = Debug|x86
		Release|x64 = Release|x64
		Release|x86 = Release|x86
	EndGlobalSection
	GlobalSection(ProjectConfigurationPlatforms) = postSolution
		{B62FBD79-9F00-4440-851C-A85D0D1A871C}.Debug|x64.ActiveCfg = Debug|x64
		{B62FBD79-9F00-4440-851C-A85D0D1A871C}.Debug|x64.Build.0 = Debug|x64
		{B62FBD79-9F00-4440-851C-A85D0D1A871C}.Debug|x86.ActiveCfg = Debug|Win32
		{B62FBD79-9F00-4440-851C-A85D0D1A871C}.Debug|x86.Build.0 = Debug|Win32
		{B62FBD79-9F00-4440-851C-A85D0D1A871C}.Release|x64.ActiveCfg = Release|x64
		{B62FBD79-9F00-4440-851C-A85D0D1A871C}.Release|x64.Build.0 = Release|x64
		{B62FBD79-9F00-4440-851C-A85D0D1A871C}.Release|x86.ActiveCfg = Release|Win32
		{B62FBD79-9F00-4440-851C-A85D0D1A871C}.Release|x86.Build.0 = Release|Win32
		{19DBE61B-128D-42CA-A55B-FC91B111D336}.Debug|x64.ActiveCfg = Debug|x64
		{19DBE61B-128D-42CA-A55B-FC91B111D336}.Debug|x64.Build.0 = Debug|x64
		{19DBE61B-128D-42CA-A55B-FC91B111D336}.Debug|x86.ActiveCfg = Debug|Win32
		{19DBE61B-128D-42CA-A55B-FC91B111D336}.Debug|x86.Build.0 = Debug|Win32
		{19DBE61B-128D-42CA-A55B-FC91B111D336}.Release|x64.ActiveCfg = Release|x64
		{19DBE61B-128D-42CA-A55B-FC91B111D336}.Release|x64.Build.0 = Release|x64
		{19DBE61B-128D-42CA-A55B-FC91B111D336}.Release|x86.ActiveCfg = Release|Win32
		{19DBE61B-128D-42CA-A55B-FC91B111D336}.Release|x86.Build.0 = Release|Win32
	EndGlobalSection
	GlobalSection(SolutionProperties) = preSolution
		HideSolutionNode = FALSE
	EndGlobalSection
	GlobalSection(ExtensibilityGlobals) = postSolution
		SolutionGuid = {4BEF8816-8C4E-494F-B11F-31E247B873E4}
	EndGlobalSection
EndGlobal
