<?xml version="1.0" encoding="utf-8"?>
<Project ToolsVersion="4.0" xmlns="http://schemas.microsoft.com/developer/msbuild/2003">
  <ItemGroup>
    <Filter Include="Source Files">
      <UniqueIdentifier>{4FC737F1-C7A5-4376-A066-2A32D752A2FF}</UniqueIdentifier>
      <Extensions>cpp;c;cc;cxx;c++;cppm;ixx;def;odl;idl;hpj;bat;asm;asmx</Extensions>
    </Filter>
    <Filter Include="Header Files">
      <UniqueIdentifier>{93995380-89BD-4b04-88EB-625FBE52EBFB}</UniqueIdentifier>
      <Extensions>h;hh;hpp;hxx;h++;hm;inl;inc;ipp;xsd</Extensions>
    </Filter>
    <Filter Include="Resource Files">
      <UniqueIdentifier>{67DA6AB6-F800-4c08-8B7A-83BB121AAD01}</UniqueIdentifier>
      <Extensions>rc;ico;cur;bmp;dlg;rc2;rct;bin;rgs;gif;jpg;jpeg;jpe;resx;tiff;tif;png;wav;mfcribbon-ms</Extensions>
    </Filter>
  </ItemGroup>
  <ItemGroup>
    <ClCompile Include="main.cpp">
      <Filter>Source Files</Filter>
    </ClCompile>
    <ClCompile Include="Jax.cpp">
      <Filter>Source Files</Filter>
    </ClCompile>
    <ClCompile Include="OrderManager.cpp">
      <Filter>Source Files</Filter>
    </ClCompile>
    <ClCompile Include="Jhin.cpp">
      <Filter>Source Files</Filter>
    </ClCompile>
    <ClCompile Include="Aphelios.cpp">
      <Filter>Source Files</Filter>
    </ClCompile>
    <ClCompile Include="Riven.cpp">
      <Filter>Source Files</Filter>
    </ClCompile>
    <ClCompile Include="champion_spell_names.cpp">
      <Filter>Source Files</Filter>
    </ClCompile>
    <ClCompile Include="Nocturne.cpp">
      <Filter>Source Files</Filter>
    </ClCompile>
    <ClCompile Include="Karthus.cpp">
      <Filter>Source Files</Filter>
    </ClCompile>
    <ClCompile Include="XinZhao.cpp">
      <Filter>Source Files</Filter>
    </ClCompile>
    <ClCompile Include="Velkoz.cpp">
      <Filter>Source Files</Filter>
    </ClCompile>
    <ClCompile Include="Varus.cpp">
      <Filter>Source Files</Filter>
    </ClCompile>
    <ClCompile Include="Zeri.cpp">
      <Filter>Source Files</Filter>
    </ClCompile>
    <ClCompile Include="Teemo.hpp">
      <Filter>Header Files</Filter>
    </ClCompile>
    <ClCompile Include="Teemo.cpp">
      <Filter>Source Files</Filter>
    </ClCompile>
    <ClCompile Include="teemo_spots.hpp">
      <Filter>Header Files</Filter>
    </ClCompile>
  </ItemGroup>
  <ItemGroup>
    <ClInclude Include="Jax.hpp">
      <Filter>Header Files</Filter>
    </ClInclude>
    <ClInclude Include="OrderManager.hpp">
      <Filter>Header Files</Filter>
    </ClInclude>
    <ClInclude Include="Jhin.hpp">
      <Filter>Header Files</Filter>
    </ClInclude>
    <ClInclude Include="Aphelios.hpp">
      <Filter>Header Files</Filter>
    </ClInclude>
    <ClInclude Include="champion_spell_names.hpp">
      <Filter>Header Files</Filter>
    </ClInclude>
    <ClInclude Include="Riven.hpp">
      <Filter>Header Files</Filter>
    </ClInclude>
    <ClInclude Include="Nocturne.hpp">
      <Filter>Header Files</Filter>
    </ClInclude>
    <ClInclude Include="Karthus.hpp">
      <Filter>Header Files</Filter>
    </ClInclude>
    <ClInclude Include="XinZhao.hpp">
      <Filter>Header Files</Filter>
    </ClInclude>
    <ClInclude Include="Velkoz.hpp">
      <Filter>Header Files</Filter>
    </ClInclude>
    <ClInclude Include="Varus.hpp">
      <Filter>Header Files</Filter>
    </ClInclude>
    <ClInclude Include="Zeri.hpp">
      <Filter>Header Files</Filter>
    </ClInclude>
  </ItemGroup>
</Project>